
Microsoft Visual Studio Solution File, Format Version 12.00
# Visual Studio Version 17
VisualStudioVersion = 17.4.33110.190
MinimumVisualStudioVersion = 10.0.40219.1
Project("{FAE04EC0-301F-11D3-BF4B-00C04F79EFBC}") = "AddEmUp", "AddEmUp\AddEmUp.csproj", "{A8100786-8FA5-43EF-876E-7E4225391D01}"
EndProject
Global
	GlobalSection(SolutionConfigurationPlatforms) = preSolution
		Debug|Any CPU = Debug|Any CPU
		Release|Any CPU = Release|Any CPU
	EndGlobalSection
	GlobalSection(ProjectConfigurationPlatforms) = postSolution
		{A8100786-8FA5-43EF-876E-7E4225391D01}.Debug|Any CPU.ActiveCfg = Debug|Any CPU
		{A8100786-8FA5-43EF-876E-7E4225391D01}.Debug|Any CPU.Build.0 = Debug|Any CPU
		{A8100786-8FA5-43EF-876E-7E4225391D01}.Release|Any CPU.ActiveCfg = Release|Any CPU
		{A8100786-8FA5-43EF-876E-7E4225391D01}.Release|Any CPU.Build.0 = Release|Any CPU
	EndGlobalSection
	GlobalSection(SolutionProperties) = preSolution
		HideSolutionNode = FALSE
	EndGlobalSection
	GlobalSection(ExtensibilityGlobals) = postSolution
		SolutionGuid = {82DB72A5-EF4F-46B6-B79C-9999BD404AE9}
	EndGlobalSection
EndGlobal
